// !$*UTF8*$!
{
	archiveVersion = 1;
	classes = {
	};
	objectVersion = 55;
	objects = {

/* Begin PBXBuildFile section */
		3BB9970C279402C90068C3FC /* AppDelegate.swift in Sources */ = {isa = PBXBuildFile; fileRef = 3BB9970B279402C90068C3FC /* AppDelegate.swift */; };
		3BB9970E279402C90068C3FC /* SceneDelegate.swift in Sources */ = {isa = PBXBuildFile; fileRef = 3BB9970D279402C90068C3FC /* SceneDelegate.swift */; };
		3BB99710279402C90068C3FC /* ViewController.swift in Sources */ = {isa = PBXBuildFile; fileRef = 3BB9970F279402C90068C3FC /* ViewController.swift */; };
		3BB99713279402C90068C3FC /* Main.storyboard in Resources */ = {isa = PBXBuildFile; fileRef = 3BB99711279402C90068C3FC /* Main.storyboard */; };
		3BB99715279402CA0068C3FC /* Assets.xcassets in Resources */ = {isa = PBXBuildFile; fileRef = 3BB99714279402CA0068C3FC /* Assets.xcassets */; };
		3BB99718279402CA0068C3FC /* LaunchScreen.storyboard in Resources */ = {isa = PBXBuildFile; fileRef = 3BB99716279402CA0068C3FC /* LaunchScreen.storyboard */; };
		3BB99725279403F20068C3FC /* 6.png in Resources */ = {isa = PBXBuildFile; fileRef = 3BB9971F279403F10068C3FC /* 6.png */; };
		3BB99726279403F20068C3FC /* 1.png in Resources */ = {isa = PBXBuildFile; fileRef = 3BB99720279403F10068C3FC /* 1.png */; };
		3BB99727279403F20068C3FC /* 3.png in Resources */ = {isa = PBXBuildFile; fileRef = 3BB99721279403F10068C3FC /* 3.png */; };
		3BB99728279403F20068C3FC /* 2.png in Resources */ = {isa = PBXBuildFile; fileRef = 3BB99722279403F10068C3FC /* 2.png */; };
		3BB99729279403F20068C3FC /* 4.png in Resources */ = {isa = PBXBuildFile; fileRef = 3BB99723279403F20068C3FC /* 4.png */; };
		3BB9972A279403F20068C3FC /* 5.png in Resources */ = {isa = PBXBuildFile; fileRef = 3BB99724279403F20068C3FC /* 5.png */; };
/* End PBXBuildFile section */

/* Begin PBXFileReference section */
		3BB99708279402C90068C3FC /* doitswift4-03-mission-imagegallery.app */ = {isa = PBXFileReference; explicitFileType = wrapper.application; includeInIndex = 0; path = "doitswift4-03-mission-imagegallery.app"; sourceTree = BUILT_PRODUCTS_DIR; };
		3BB9970B279402C90068C3FC /* AppDelegate.swift */ = {isa = PBXFileReference; lastKnownFileType = sourcecode.swift; path = AppDelegate.swift; sourceTree = "<group>"; };
		3BB9970D279402C90068C3FC /* SceneDelegate.swift */ = {isa = PBXFileReference; lastKnownFileType = sourcecode.swift; path = SceneDelegate.swift; sourceTree = "<group>"; };
		3BB9970F279402C90068C3FC /* ViewController.swift */ = {isa = PBXFileReference; lastKnownFileType = sourcecode.swift; path = ViewController.swift; sourceTree = "<group>"; };
		3BB99712279402C90068C3FC /* Base */ = {isa = PBXFileReference; lastKnownFileType = file.storyboard; name = Base; path = Base.lproj/Main.storyboard; sourceTree = "<group>"; };
		3BB99714279402CA0068C3FC /* Assets.xcassets */ = {isa = PBXFileReference; lastKnownFileType = folder.assetcatalog; path = Assets.xcassets; sourceTree = "<group>"; };
		3BB99717279402CA0068C3FC /* Base */ = {isa = PBXFileReference; lastKnownFileType = file.storyboard; name = Base; path = Base.lproj/LaunchScreen.storyboard; sourceTree = "<group>"; };
		3BB99719279402CA0068C3FC /* Info.plist */ = {isa = PBXFileReference; lastKnownFileType = text.plist.xml; path = Info.plist; sourceTree = "<group>"; };
		3BB9971F279403F10068C3FC /* 6.png */ = {isa = PBXFileReference; lastKnownFileType = image.png; path = 6.png; sourceTree = "<group>"; };
		3BB99720279403F10068C3FC /* 1.png */ = {isa = PBXFileReference; lastKnownFileType = image.png; path = 1.png; sourceTree = "<group>"; };
		3BB99721279403F10068C3FC /* 3.png */ = {isa = PBXFileReference; lastKnownFileType = image.png; path = 3.png; sourceTree = "<group>"; };
		3BB99722279403F10068C3FC /* 2.png */ = {isa = PBXFileReference; lastKnownFileType = image.png; path = 2.png; sourceTree = "<group>"; };
		3BB99723279403F20068C3FC /* 4.png */ = {isa = PBXFileReference; lastKnownFileType = image.png; path = 4.png; sourceTree = "<group>"; };
		3BB99724279403F20068C3FC /* 5.png */ = {isa = PBXFileReference; lastKnownFileType = image.png; path = 5.png; sourceTree = "<group>"; };
/* End PBXFileReference section */

/* Begin PBXFrameworksBuildPhase section */
		3BB99705279402C90068C3FC /* Frameworks */ = {
			isa = PBXFrameworksBuildPhase;
			buildActionMask = 2147483647;
			files = (
			);
			runOnlyForDeploymentPostprocessing = 0;
		};
/* End PBXFrameworksBuildPhase section */

/* Begin PBXGroup section */
		3BB996FF279402C90068C3FC = {
			isa = PBXGroup;
			children = (
				3BB9970A279402C90068C3FC /* doitswift4-03-mission-imagegallery */,
				3BB99709279402C90068C3FC /* Products */,
			);
			sourceTree = "<group>";
		};
		3BB99709279402C90068C3FC /* Products */ = {
			isa = PBXGroup;
			children = (
				3BB99708279402C90068C3FC /* doitswift4-03-mission-imagegallery.app */,
			);
			name = Products;
			sourceTree = "<group>";
		};
		3BB9970A279402C90068C3FC /* doitswift4-03-mission-imagegallery */ = {
			isa = PBXGroup;
			children = (
				3BB9970B279402C90068C3FC /* AppDelegate.swift */,
				3BB9970D279402C90068C3FC /* SceneDelegate.swift */,
				3BB9970F279402C90068C3FC /* ViewController.swift */,
				3BB99711279402C90068C3FC /* Main.storyboard */,
				3BB99714279402CA0068C3FC /* Assets.xcassets */,
				3BB99716279402CA0068C3FC /* LaunchScreen.storyboard */,
				3BB99719279402CA0068C3FC /* Info.plist */,
				3BB99720279403F10068C3FC /* 1.png */,
				3BB99722279403F10068C3FC /* 2.png */,
				3BB99721279403F10068C3FC /* 3.png */,
				3BB99723279403F20068C3FC /* 4.png */,
				3BB99724279403F20068C3FC /* 5.png */,
				3BB9971F279403F10068C3FC /* 6.png */,
			);
			path = "doitswift4-03-mission-imagegallery";
			sourceTree = "<group>";
		};
/* End PBXGroup section */

/* Begin PBXNativeTarget section */
		3BB99707279402C90068C3FC /* doitswift4-03-mission-imagegallery */ = {
			isa = PBXNativeTarget;
			buildConfigurationList = 3BB9971C279402CA0068C3FC /* Build configuration list for PBXNativeTarget "doitswift4-03-mission-imagegallery" */;
			buildPhases = (
				3BB99704279402C90068C3FC /* Sources */,
				3BB99705279402C90068C3FC /* Frameworks */,
				3BB99706279402C90068C3FC /* Resources */,
			);
			buildRules = (
			);
			dependencies = (
			);
			name = "doitswift4-03-mission-imagegallery";
			productName = "doitswift4-03-mission-imagegallery";
			productReference = 3BB99708279402C90068C3FC /* doitswift4-03-mission-imagegallery.app */;
			productType = "com.apple.product-type.application";
		};
/* End PBXNativeTarget section */

/* Begin PBXProject section */
		3BB99700279402C90068C3FC /* Project object */ = {
			isa = PBXProject;
			attributes = {
				BuildIndependentTargetsInParallel = 1;
				LastSwiftUpdateCheck = 1320;
				LastUpgradeCheck = 1320;
				TargetAttributes = {
					3BB99707279402C90068C3FC = {
						CreatedOnToolsVersion = 13.2.1;
					};
				};
			};
			buildConfigurationList = 3BB99703279402C90068C3FC /* Build configuration list for PBXProject "doitswift4-03-mission-imagegallery" */;
			compatibilityVersion = "Xcode 13.0";
			developmentRegion = en;
			hasScannedForEncodings = 0;
			knownRegions = (
				en,
				Base,
			);
			mainGroup = 3BB996FF279402C90068C3FC;
			productRefGroup = 3BB99709279402C90068C3FC /* Products */;
			projectDirPath = "";
			projectRoot = "";
			targets = (
				3BB99707279402C90068C3FC /* doitswift4-03-mission-imagegallery */,
			);
		};
/* End PBXProject section */

/* Begin PBXResourcesBuildPhase section */
		3BB99706279402C90068C3FC /* Resources */ = {
			isa = PBXResourcesBuildPhase;
			buildActionMask = 2147483647;
			files = (
				3BB99718279402CA0068C3FC /* LaunchScreen.storyboard in Resources */,
				3BB99715279402CA0068C3FC /* Assets.xcassets in Resources */,
				3BB99728279403F20068C3FC /* 2.png in Resources */,
				3BB99725279403F20068C3FC /* 6.png in Resources */,
				3BB99729279403F20068C3FC /* 4.png in Resources */,
				3BB99727279403F20068C3FC /* 3.png in Resources */,
				3BB9972A279403F20068C3FC /* 5.png in Resources */,
				3BB99713279402C90068C3FC /* Main.storyboard in Resources */,
				3BB99726279403F20068C3FC /* 1.png in Resources */,
			);
			runOnlyForDeploymentPostprocessing = 0;
		};
/* End PBXResourcesBuildPhase section */

/* Begin PBXSourcesBuildPhase section */
		3BB99704279402C90068C3FC /* Sources */ = {
			isa = PBXSourcesBuildPhase;
			buildActionMask = 2147483647;
			files = (
				3BB99710279402C90068C3FC /* ViewController.swift in Sources */,
				3BB9970C279402C90068C3FC /* AppDelegate.swift in Sources */,
				3BB9970E279402C90068C3FC /* SceneDelegate.swift in Sources */,
			);
			runOnlyForDeploymentPostprocessing = 0;
		};
/* End PBXSourcesBuildPhase section */

/* Begin PBXVariantGroup section */
		3BB99711279402C90068C3FC /* Main.storyboard */ = {
			isa = PBXVariantGroup;
			children = (
				3BB99712279402C90068C3FC /* Base */,
			);
			name = Main.storyboard;
			sourceTree = "<group>";
		};
		3BB99716279402CA0068C3FC /* LaunchScreen.storyboard */ = {
			isa = PBXVariantGroup;
			children = (
				3BB99717279402CA0068C3FC /* Base */,
			);
			name = LaunchScreen.storyboard;
			sourceTree = "<group>";
		};
/* End PBXVariantGroup section */

/* Begin XCBuildConfiguration section */
		3BB9971A279402CA0068C3FC /* Debug */ = {
			isa = XCBuildConfiguration;
			buildSettings = {
				ALWAYS_SEARCH_USER_PATHS = NO;
				CLANG_ANALYZER_NONNULL = YES;
				CLANG_ANALYZER_NUMBER_OBJECT_CONVERSION = YES_AGGRESSIVE;
				CLANG_CXX_LANGUAGE_STANDARD = "gnu++17";
				CLANG_CXX_LIBRARY = "libc++";
				CLANG_ENABLE_MODULES = YES;
				CLANG_ENABLE_OBJC_ARC = YES;
				CLANG_ENABLE_OBJC_WEAK = YES;
				CLANG_WARN_BLOCK_CAPTURE_AUTORELEASING = YES;
				CLANG_WARN_BOOL_CONVERSION = YES;
				CLANG_WARN_COMMA = YES;
				CLANG_WARN_CONSTANT_CONVERSION = YES;
				CLANG_WARN_DEPRECATED_OBJC_IMPLEMENTATIONS = YES;
				CLANG_WARN_DIRECT_OBJC_ISA_USAGE = YES_ERROR;
				CLANG_WARN_DOCUMENTATION_COMMENTS = YES;
				CLANG_WARN_EMPTY_BODY = YES;
				CLANG_WARN_ENUM_CONVERSION = YES;
				CLANG_WARN_INFINITE_RECURSION = YES;
				CLANG_WARN_INT_CONVERSION = YES;
				CLANG_WARN_NON_LITERAL_NULL_CONVERSION = YES;
				CLANG_WARN_OBJC_IMPLICIT_RETAIN_SELF = YES;
				CLANG_WARN_OBJC_LITERAL_CONVERSION = YES;
				CLANG_WARN_OBJC_ROOT_CLASS = YES_ERROR;
				CLANG_WARN_QUOTED_INCLUDE_IN_FRAMEWORK_HEADER = YES;
				CLANG_WARN_RANGE_LOOP_ANALYSIS = YES;
				CLANG_WARN_STRICT_PROTOTYPES = YES;
				CLANG_WARN_SUSPICIOUS_MOVE = YES;
				CLANG_WARN_UNGUARDED_AVAILABILITY = YES_AGGRESSIVE;
				CLANG_WARN_UNREACHABLE_CODE = YES;
				CLANG_WARN__DUPLICATE_METHOD_MATCH = YES;
				COPY_PHASE_STRIP = NO;
				DEBUG_INFORMATION_FORMAT = dwarf;
				ENABLE_STRICT_OBJC_MSGSEND = YES;
				ENABLE_TESTABILITY = YES;
				GCC_C_LANGUAGE_STANDARD = gnu11;
				GCC_DYNAMIC_NO_PIC = NO;
				GCC_NO_COMMON_BLOCKS = YES;
				GCC_OPTIMIZATION_LEVEL = 0;
				GCC_PREPROCESSOR_DEFINITIONS = (
					"DEBUG=1",
					"$(inherited)",
				);
				GCC_WARN_64_TO_32_BIT_CONVERSION = YES;
				GCC_WARN_ABOUT_RETURN_TYPE = YES_ERROR;
				GCC_WARN_UNDECLARED_SELECTOR = YES;
				GCC_WARN_UNINITIALIZED_AUTOS = YES_AGGRESSIVE;
				GCC_WARN_UNUSED_FUNCTION = YES;
				GCC_WARN_UNUSED_VARIABLE = YES;
				IPHONEOS_DEPLOYMENT_TARGET = 15.2;
				MTL_ENABLE_DEBUG_INFO = INCLUDE_SOURCE;
				MTL_FAST_MATH = YES;
				ONLY_ACTIVE_ARCH = YES;
				SDKROOT = iphoneos;
				SWIFT_ACTIVE_COMPILATION_CONDITIONS = DEBUG;
				SWIFT_OPTIMIZATION_LEVEL = "-Onone";
			};
			name = Debug;
		};
		3BB9971B279402CA0068C3FC /* Release */ = {
			isa = XCBuildConfiguration;
			buildSettings = {
				ALWAYS_SEARCH_USER_PATHS = NO;
				CLANG_ANALYZER_NONNULL = YES;
				CLANG_ANALYZER_NUMBER_OBJECT_CONVERSION = YES_AGGRESSIVE;
				CLANG_CXX_LANGUAGE_STANDARD = "gnu++17";
				CLANG_CXX_LIBRARY = "libc++";
				CLANG_ENABLE_MODULES = YES;
				CLANG_ENABLE_OBJC_ARC = YES;
				CLANG_ENABLE_OBJC_WEAK = YES;
				CLANG_WARN_BLOCK_CAPTURE_AUTORELEASING = YES;
				CLANG_WARN_BOOL_CONVERSION = YES;
				CLANG_WARN_COMMA = YES;
				CLANG_WARN_CONSTANT_CONVERSION = YES;
				CLANG_WARN_DEPRECATED_OBJC_IMPLEMENTATIONS = YES;
				CLANG_WARN_DIRECT_OBJC_ISA_USAGE = YES_ERROR;
				CLANG_WARN_DOCUMENTATION_COMMENTS = YES;
				CLANG_WARN_EMPTY_BODY = YES;
				CLANG_WARN_ENUM_CONVERSION = YES;
				CLANG_WARN_INFINITE_RECURSION = YES;
				CLANG_WARN_INT_CONVERSION = YES;
				CLANG_WARN_NON_LITERAL_NULL_CONVERSION = YES;
				CLANG_WARN_OBJC_IMPLICIT_RETAIN_SELF = YES;
				CLANG_WARN_OBJC_LITERAL_CONVERSION = YES;
				CLANG_WARN_OBJC_ROOT_CLASS = YES_ERROR;
				CLANG_WARN_QUOTED_INCLUDE_IN_FRAMEWORK_HEADER = YES;
				CLANG_WARN_RANGE_LOOP_ANALYSIS = YES;
				CLANG_WARN_STRICT_PROTOTYPES = YES;
				CLANG_WARN_SUSPICIOUS_MOVE = YES;
				CLANG_WARN_UNGUARDED_AVAILABILITY = YES_AGGRESSIVE;
				CLANG_WARN_UNREACHABLE_CODE = YES;
				CLANG_WARN__DUPLICATE_METHOD_MATCH = YES;
				COPY_PHASE_STRIP = NO;
				DEBUG_INFORMATION_FORMAT = "dwarf-with-dsym";
				ENABLE_NS_ASSERTIONS = NO;
				ENABLE_STRICT_OBJC_MSGSEND = YES;
				GCC_C_LANGUAGE_STANDARD = gnu11;
				GCC_NO_COMMON_BLOCKS = YES;
				GCC_WARN_64_TO_32_BIT_CONVERSION = YES;
				GCC_WARN_ABOUT_RETURN_TYPE = YES_ERROR;
				GCC_WARN_UNDECLARED_SELECTOR = YES;
				GCC_WARN_UNINITIALIZED_AUTOS = YES_AGGRESSIVE;
				GCC_WARN_UNUSED_FUNCTION = YES;
				GCC_WARN_UNUSED_VARIABLE = YES;
				IPHONEOS_DEPLOYMENT_TARGET = 15.2;
				MTL_ENABLE_DEBUG_INFO = NO;
				MTL_FAST_MATH = YES;
				SDKROOT = iphoneos;
				SWIFT_COMPILATION_MODE = wholemodule;
				SWIFT_OPTIMIZATION_LEVEL = "-O";
				VALIDATE_PRODUCT = YES;
			};
			name = Release;
		};
		3BB9971D279402CA0068C3FC /* Debug */ = {
			isa = XCBuildConfiguration;
			buildSettings = {
				ASSETCATALOG_COMPILER_APPICON_NAME = AppIcon;
				ASSETCATALOG_COMPILER_GLOBAL_ACCENT_COLOR_NAME = AccentColor;
				CODE_SIGN_STYLE = Automatic;
				CURRENT_PROJECT_VERSION = 1;
				GENERATE_INFOPLIST_FILE = YES;
				INFOPLIST_FILE = "doitswift4-03-mission-imagegallery/Info.plist";
				INFOPLIST_KEY_UIApplicationSupportsIndirectInputEvents = YES;
				INFOPLIST_KEY_UILaunchStoryboardName = LaunchScreen;
				INFOPLIST_KEY_UIMainStoryboardFile = Main;
				INFOPLIST_KEY_UISupportedInterfaceOrientations_iPad = "UIInterfaceOrientationPortrait UIInterfaceOrientationPortraitUpsideDown UIInterfaceOrientationLandscapeLeft UIInterfaceOrientationLandscapeRight";
				INFOPLIST_KEY_UISupportedInterfaceOrientations_iPhone = "UIInterfaceOrientationPortrait UIInterfaceOrientationLandscapeLeft UIInterfaceOrientationLandscapeRight";
				LD_RUNPATH_SEARCH_PATHS = (
					"$(inherited)",
					"@executable_path/Frameworks",
				);
				MARKETING_VERSION = 1.0;
				PRODUCT_BUNDLE_IDENTIFIER = "me.oozzuu.doitswift4-03-mission-imagegallery";
				PRODUCT_NAME = "$(TARGET_NAME)";
				SWIFT_EMIT_LOC_STRINGS = YES;
				SWIFT_VERSION = 5.0;
				TARGETED_DEVICE_FAMILY = "1,2";
			};
			name = Debug;
		};
		3BB9971E279402CA0068C3FC /* Release */ = {
			isa = XCBuildConfiguration;
			buildSettings = {
				ASSETCATALOG_COMPILER_APPICON_NAME = AppIcon;
				ASSETCATALOG_COMPILER_GLOBAL_ACCENT_COLOR_NAME = AccentColor;
				CODE_SIGN_STYLE = Automatic;
				CURRENT_PROJECT_VERSION = 1;
				GENERATE_INFOPLIST_FILE = YES;
				INFOPLIST_FILE = "doitswift4-03-mission-imagegallery/Info.plist";
				INFOPLIST_KEY_UIApplicationSupportsIndirectInputEvents = YES;
				INFOPLIST_KEY_UILaunchStoryboardName = LaunchScreen;
				INFOPLIST_KEY_UIMainStoryboardFile = Main;
				INFOPLIST_KEY_UISupportedInterfaceOrientations_iPad = "UIInterfaceOrientationPortrait UIInterfaceOrientationPortraitUpsideDown UIInterfaceOrientationLandscapeLeft UIInterfaceOrientationLandscapeRight";
				INFOPLIST_KEY_UISupportedInterfaceOrientations_iPhone = "UIInterfaceOrientationPortrait UIInterfaceOrientationLandscapeLeft UIInterfaceOrientationLandscapeRight";
				LD_RUNPATH_SEARCH_PATHS = (
					"$(inherited)",
					"@executable_path/Frameworks",
				);
				MARKETING_VERSION = 1.0;
				PRODUCT_BUNDLE_IDENTIFIER = "me.oozzuu.doitswift4-03-mission-imagegallery";
				PRODUCT_NAME = "$(TARGET_NAME)";
				SWIFT_EMIT_LOC_STRINGS = YES;
				SWIFT_VERSION = 5.0;
				TARGETED_DEVICE_FAMILY = "1,2";
			};
			name = Release;
		};
/* End XCBuildConfiguration section */

/* Begin XCConfigurationList section */
		3BB99703279402C90068C3FC /* Build configuration list for PBXProject "doitswift4-03-mission-imagegallery" */ = {
			isa = XCConfigurationList;
			buildConfigurations = (
				3BB9971A279402CA0068C3FC /* Debug */,
				3BB9971B279402CA0068C3FC /* Release */,
			);
			defaultConfigurationIsVisible = 0;
			defaultConfigurationName = Release;
		};
		3BB9971C279402CA0068C3FC /* Build configuration list for PBXNativeTarget "doitswift4-03-mission-imagegallery" */ = {
			isa = XCConfigurationList;
			buildConfigurations = (
				3BB9971D279402CA0068C3FC /* Debug */,
				3BB9971E279402CA0068C3FC /* Release */,
			);
			defaultConfigurationIsVisible = 0;
			defaultConfigurationName = Release;
		};
/* End XCConfigurationList section */
	};
	rootObject = 3BB99700279402C90068C3FC /* Project object */;
}
